// !$*UTF8*$!
{
	archiveVersion = 1;
	classes = {
	};
	objectVersion = 55;
	objects = {

/* Begin PBXBuildFile section */
		8F9935122891DE7500F2BD2F /* WeeklyViewController.swift in Sources */ = {isa = PBXBuildFile; fileRef = 8F9935112891DE7500F2BD2F /* WeeklyViewController.swift */; };
		8FB4FF84289173FB00335C61 /* AppDelegate.swift in Sources */ = {isa = PBXBuildFile; fileRef = 8FB4FF83289173FB00335C61 /* AppDelegate.swift */; };
		8FB4FF86289173FB00335C61 /* SceneDelegate.swift in Sources */ = {isa = PBXBuildFile; fileRef = 8FB4FF85289173FB00335C61 /* SceneDelegate.swift */; };
		8FB4FF88289173FB00335C61 /* ViewController.swift in Sources */ = {isa = PBXBuildFile; fileRef = 8FB4FF87289173FB00335C61 /* ViewController.swift */; };
		8FB4FF8B289173FB00335C61 /* Main.storyboard in Resources */ = {isa = PBXBuildFile; fileRef = 8FB4FF89289173FB00335C61 /* Main.storyboard */; };
		8FB4FF8D289173FC00335C61 /* Assets.xcassets in Resources */ = {isa = PBXBuildFile; fileRef = 8FB4FF8C289173FC00335C61 /* Assets.xcassets */; };
		8FB4FF90289173FC00335C61 /* LaunchScreen.storyboard in Resources */ = {isa = PBXBuildFile; fileRef = 8FB4FF8E289173FC00335C61 /* LaunchScreen.storyboard */; };
		8FB4FF9B289173FC00335C61 /* enchancess_readiness_6Tests.swift in Sources */ = {isa = PBXBuildFile; fileRef = 8FB4FF9A289173FC00335C61 /* enchancess_readiness_6Tests.swift */; };
		8FB4FFA5289173FC00335C61 /* enchancess_readiness_6UITests.swift in Sources */ = {isa = PBXBuildFile; fileRef = 8FB4FFA4289173FC00335C61 /* enchancess_readiness_6UITests.swift */; };
		8FB4FFA7289173FC00335C61 /* enchancess_readiness_6UITestsLaunchTests.swift in Sources */ = {isa = PBXBuildFile; fileRef = 8FB4FFA6289173FC00335C61 /* enchancess_readiness_6UITestsLaunchTests.swift */; };
		8FB4FFB42891741E00335C61 /* WelcomeViewController.swift in Sources */ = {isa = PBXBuildFile; fileRef = 8FB4FFB32891741E00335C61 /* WelcomeViewController.swift */; };
		8FB4FFB62891742800335C61 /* HomeViewController.swift in Sources */ = {isa = PBXBuildFile; fileRef = 8FB4FFB52891742800335C61 /* HomeViewController.swift */; };
		8FB4FFB92891743800335C61 /* CalenderViewController.swift in Sources */ = {isa = PBXBuildFile; fileRef = 8FB4FFB82891743800335C61 /* CalenderViewController.swift */; };
		8FB4FFBB28917CE500335C61 /* CalendarCell.swift in Sources */ = {isa = PBXBuildFile; fileRef = 8FB4FFBA28917CE500335C61 /* CalendarCell.swift */; };
		8FC141DC289216BA00FA1444 /* enhanced readiness-logos.jpeg in Resources */ = {isa = PBXBuildFile; fileRef = 8FC141DB289216BA00FA1444 /* enhanced readiness-logos.jpeg */; };
		8FE0D57928918C5500C6D2F5 /* CalendarHelper.swift in Sources */ = {isa = PBXBuildFile; fileRef = 8FE0D57828918C5500C6D2F5 /* CalendarHelper.swift */; };
/* End PBXBuildFile section */

/* Begin PBXContainerItemProxy section */
		8FB4FF97289173FC00335C61 /* PBXContainerItemProxy */ = {
			isa = PBXContainerItemProxy;
			containerPortal = 8FB4FF78289173FB00335C61 /* Project object */;
			proxyType = 1;
			remoteGlobalIDString = 8FB4FF7F289173FB00335C61;
			remoteInfo = "enchancess readiness 6";
		};
		8FB4FFA1289173FC00335C61 /* PBXContainerItemProxy */ = {
			isa = PBXContainerItemProxy;
			containerPortal = 8FB4FF78289173FB00335C61 /* Project object */;
			proxyType = 1;
			remoteGlobalIDString = 8FB4FF7F289173FB00335C61;
			remoteInfo = "enchancess readiness 6";
		};
/* End PBXContainerItemProxy section */

/* Begin PBXFileReference section */
		8F9935112891DE7500F2BD2F /* WeeklyViewController.swift */ = {isa = PBXFileReference; lastKnownFileType = sourcecode.swift; path = WeeklyViewController.swift; sourceTree = "<group>"; };
		8FB4FF80289173FB00335C61 /* enchancess readiness 6.app */ = {isa = PBXFileReference; explicitFileType = wrapper.application; includeInIndex = 0; path = "enchancess readiness 6.app"; sourceTree = BUILT_PRODUCTS_DIR; };
		8FB4FF83289173FB00335C61 /* AppDelegate.swift */ = {isa = PBXFileReference; lastKnownFileType = sourcecode.swift; path = AppDelegate.swift; sourceTree = "<group>"; };
		8FB4FF85289173FB00335C61 /* SceneDelegate.swift */ = {isa = PBXFileReference; lastKnownFileType = sourcecode.swift; path = SceneDelegate.swift; sourceTree = "<group>"; };
		8FB4FF87289173FB00335C61 /* ViewController.swift */ = {isa = PBXFileReference; lastKnownFileType = sourcecode.swift; path = ViewController.swift; sourceTree = "<group>"; };
		8FB4FF8A289173FB00335C61 /* Base */ = {isa = PBXFileReference; lastKnownFileType = file.storyboard; name = Base; path = Base.lproj/Main.storyboard; sourceTree = "<group>"; };
		8FB4FF8C289173FC00335C61 /* Assets.xcassets */ = {isa = PBXFileReference; lastKnownFileType = folder.assetcatalog; path = Assets.xcassets; sourceTree = "<group>"; };
		8FB4FF8F289173FC00335C61 /* Base */ = {isa = PBXFileReference; lastKnownFileType = file.storyboard; name = Base; path = Base.lproj/LaunchScreen.storyboard; sourceTree = "<group>"; };
		8FB4FF91289173FC00335C61 /* Info.plist */ = {isa = PBXFileReference; lastKnownFileType = text.plist.xml; path = Info.plist; sourceTree = "<group>"; };
		8FB4FF96289173FC00335C61 /* enchancess readiness 6Tests.xctest */ = {isa = PBXFileReference; explicitFileType = wrapper.cfbundle; includeInIndex = 0; path = "enchancess readiness 6Tests.xctest"; sourceTree = BUILT_PRODUCTS_DIR; };
		8FB4FF9A289173FC00335C61 /* enchancess_readiness_6Tests.swift */ = {isa = PBXFileReference; lastKnownFileType = sourcecode.swift; path = enchancess_readiness_6Tests.swift; sourceTree = "<group>"; };
		8FB4FFA0289173FC00335C61 /* enchancess readiness 6UITests.xctest */ = {isa = PBXFileReference; explicitFileType = wrapper.cfbundle; includeInIndex = 0; path = "enchancess readiness 6UITests.xctest"; sourceTree = BUILT_PRODUCTS_DIR; };
		8FB4FFA4289173FC00335C61 /* enchancess_readiness_6UITests.swift */ = {isa = PBXFileReference; lastKnownFileType = sourcecode.swift; path = enchancess_readiness_6UITests.swift; sourceTree = "<group>"; };
		8FB4FFA6289173FC00335C61 /* enchancess_readiness_6UITestsLaunchTests.swift */ = {isa = PBXFileReference; lastKnownFileType = sourcecode.swift; path = enchancess_readiness_6UITestsLaunchTests.swift; sourceTree = "<group>"; };
		8FB4FFB32891741E00335C61 /* WelcomeViewController.swift */ = {isa = PBXFileReference; lastKnownFileType = sourcecode.swift; path = WelcomeViewController.swift; sourceTree = "<group>"; };
		8FB4FFB52891742800335C61 /* HomeViewController.swift */ = {isa = PBXFileReference; lastKnownFileType = sourcecode.swift; path = HomeViewController.swift; sourceTree = "<group>"; };
		8FB4FFB82891743800335C61 /* CalenderViewController.swift */ = {isa = PBXFileReference; lastKnownFileType = sourcecode.swift; path = CalenderViewController.swift; sourceTree = "<group>"; };
		8FB4FFBA28917CE500335C61 /* CalendarCell.swift */ = {isa = PBXFileReference; lastKnownFileType = sourcecode.swift; path = CalendarCell.swift; sourceTree = "<group>"; };
		8FC141DB289216BA00FA1444 /* enhanced readiness-logos.jpeg */ = {isa = PBXFileReference; lastKnownFileType = image.jpeg; path = "enhanced readiness-logos.jpeg"; sourceTree = "<group>"; };
		8FE0D57828918C5500C6D2F5 /* CalendarHelper.swift */ = {isa = PBXFileReference; lastKnownFileType = sourcecode.swift; path = CalendarHelper.swift; sourceTree = "<group>"; };
/* End PBXFileReference section */

/* Begin PBXFrameworksBuildPhase section */
		8FB4FF7D289173FB00335C61 /* Frameworks */ = {
			isa = PBXFrameworksBuildPhase;
			buildActionMask = 2147483647;
			files = (
			);
			runOnlyForDeploymentPostprocessing = 0;
		};
		8FB4FF93289173FC00335C61 /* Frameworks */ = {
			isa = PBXFrameworksBuildPhase;
			buildActionMask = 2147483647;
			files = (
			);
			runOnlyForDeploymentPostprocessing = 0;
		};
		8FB4FF9D289173FC00335C61 /* Frameworks */ = {
			isa = PBXFrameworksBuildPhase;
			buildActionMask = 2147483647;
			files = (
			);
			runOnlyForDeploymentPostprocessing = 0;
		};
/* End PBXFrameworksBuildPhase section */

/* Begin PBXGroup section */
		8FB4FF77289173FB00335C61 = {
			isa = PBXGroup;
			children = (
				8FB4FF82289173FB00335C61 /* enchancess readiness 6 */,
				8FB4FF99289173FC00335C61 /* enchancess readiness 6Tests */,
				8FB4FFA3289173FC00335C61 /* enchancess readiness 6UITests */,
				8FB4FF81289173FB00335C61 /* Products */,
			);
			sourceTree = "<group>";
		};
		8FB4FF81289173FB00335C61 /* Products */ = {
			isa = PBXGroup;
			children = (
				8FB4FF80289173FB00335C61 /* enchancess readiness 6.app */,
				8FB4FF96289173FC00335C61 /* enchancess readiness 6Tests.xctest */,
				8FB4FFA0289173FC00335C61 /* enchancess readiness 6UITests.xctest */,
			);
			name = Products;
			sourceTree = "<group>";
		};
		8FB4FF82289173FB00335C61 /* enchancess readiness 6 */ = {
			isa = PBXGroup;
			children = (
				8FB4FF83289173FB00335C61 /* AppDelegate.swift */,
				8FB4FF85289173FB00335C61 /* SceneDelegate.swift */,
				8FB4FF87289173FB00335C61 /* ViewController.swift */,
				8FB4FF89289173FB00335C61 /* Main.storyboard */,
				8F9935112891DE7500F2BD2F /* WeeklyViewController.swift */,
				8FB4FFBA28917CE500335C61 /* CalendarCell.swift */,
				8FC141DB289216BA00FA1444 /* enhanced readiness-logos.jpeg */,
				8FB4FF8C289173FC00335C61 /* Assets.xcassets */,
				8FB4FF8E289173FC00335C61 /* LaunchScreen.storyboard */,
				8FB4FF91289173FC00335C61 /* Info.plist */,
				8FB4FFB32891741E00335C61 /* WelcomeViewController.swift */,
				8FB4FFB52891742800335C61 /* HomeViewController.swift */,
				8FB4FFB82891743800335C61 /* CalenderViewController.swift */,
				8FE0D57828918C5500C6D2F5 /* CalendarHelper.swift */,
			);
			path = "enchancess readiness 6";
			sourceTree = "<group>";
		};
		8FB4FF99289173FC00335C61 /* enchancess readiness 6Tests */ = {
			isa = PBXGroup;
			children = (
				8FB4FF9A289173FC00335C61 /* enchancess_readiness_6Tests.swift */,
			);
			path = "enchancess readiness 6Tests";
			sourceTree = "<group>";
		};
		8FB4FFA3289173FC00335C61 /* enchancess readiness 6UITests */ = {
			isa = PBXGroup;
			children = (
				8FB4FFA4289173FC00335C61 /* enchancess_readiness_6UITests.swift */,
				8FB4FFA6289173FC00335C61 /* enchancess_readiness_6UITestsLaunchTests.swift */,
			);
			path = "enchancess readiness 6UITests";
			sourceTree = "<group>";
		};
/* End PBXGroup section */

/* Begin PBXNativeTarget section */
		8FB4FF7F289173FB00335C61 /* enchancess readiness 6 */ = {
			isa = PBXNativeTarget;
			buildConfigurationList = 8FB4FFAA289173FC00335C61 /* Build configuration list for PBXNativeTarget "enchancess readiness 6" */;
			buildPhases = (
				8FB4FF7C289173FB00335C61 /* Sources */,
				8FB4FF7D289173FB00335C61 /* Frameworks */,
				8FB4FF7E289173FB00335C61 /* Resources */,
			);
			buildRules = (
			);
			dependencies = (
			);
			name = "enchancess readiness 6";
			productName = "enchancess readiness 6";
			productReference = 8FB4FF80289173FB00335C61 /* enchancess readiness 6.app */;
			productType = "com.apple.product-type.application";
		};
		8FB4FF95289173FC00335C61 /* enchancess readiness 6Tests */ = {
			isa = PBXNativeTarget;
			buildConfigurationList = 8FB4FFAD289173FC00335C61 /* Build configuration list for PBXNativeTarget "enchancess readiness 6Tests" */;
			buildPhases = (
				8FB4FF92289173FC00335C61 /* Sources */,
				8FB4FF93289173FC00335C61 /* Frameworks */,
				8FB4FF94289173FC00335C61 /* Resources */,
			);
			buildRules = (
			);
			dependencies = (
				8FB4FF98289173FC00335C61 /* PBXTargetDependency */,
			);
			name = "enchancess readiness 6Tests";
			productName = "enchancess readiness 6Tests";
			productReference = 8FB4FF96289173FC00335C61 /* enchancess readiness 6Tests.xctest */;
			productType = "com.apple.product-type.bundle.unit-test";
		};
		8FB4FF9F289173FC00335C61 /* enchancess readiness 6UITests */ = {
			isa = PBXNativeTarget;
			buildConfigurationList = 8FB4FFB0289173FC00335C61 /* Build configuration list for PBXNativeTarget "enchancess readiness 6UITests" */;
			buildPhases = (
				8FB4FF9C289173FC00335C61 /* Sources */,
				8FB4FF9D289173FC00335C61 /* Frameworks */,
				8FB4FF9E289173FC00335C61 /* Resources */,
			);
			buildRules = (
			);
			dependencies = (
				8FB4FFA2289173FC00335C61 /* PBXTargetDependency */,
			);
			name = "enchancess readiness 6UITests";
			productName = "enchancess readiness 6UITests";
			productReference = 8FB4FFA0289173FC00335C61 /* enchancess readiness 6UITests.xctest */;
			productType = "com.apple.product-type.bundle.ui-testing";
		};
/* End PBXNativeTarget section */

/* Begin PBXProject section */
		8FB4FF78289173FB00335C61 /* Project object */ = {
			isa = PBXProject;
			attributes = {
				BuildIndependentTargetsInParallel = 1;
				LastSwiftUpdateCheck = 1340;
				LastUpgradeCheck = 1340;
				TargetAttributes = {
					8FB4FF7F289173FB00335C61 = {
						CreatedOnToolsVersion = 13.4.1;
					};
					8FB4FF95289173FC00335C61 = {
						CreatedOnToolsVersion = 13.4.1;
						TestTargetID = 8FB4FF7F289173FB00335C61;
					};
					8FB4FF9F289173FC00335C61 = {
						CreatedOnToolsVersion = 13.4.1;
						TestTargetID = 8FB4FF7F289173FB00335C61;
					};
				};
			};
			buildConfigurationList = 8FB4FF7B289173FB00335C61 /* Build configuration list for PBXProject "enchancess readiness 6" */;
			compatibilityVersion = "Xcode 13.0";
			developmentRegion = en;
			hasScannedForEncodings = 0;
			knownRegions = (
				en,
				Base,
			);
			mainGroup = 8FB4FF77289173FB00335C61;
			productRefGroup = 8FB4FF81289173FB00335C61 /* Products */;
			projectDirPath = "";
			projectRoot = "";
			targets = (
				8FB4FF7F289173FB00335C61 /* enchancess readiness 6 */,
				8FB4FF95289173FC00335C61 /* enchancess readiness 6Tests */,
				8FB4FF9F289173FC00335C61 /* enchancess readiness 6UITests */,
			);
		};
/* End PBXProject section */

/* Begin PBXResourcesBuildPhase section */
		8FB4FF7E289173FB00335C61 /* Resources */ = {
			isa = PBXResourcesBuildPhase;
			buildActionMask = 2147483647;
			files = (
				8FB4FF90289173FC00335C61 /* LaunchScreen.storyboard in Resources */,
				8FB4FF8D289173FC00335C61 /* Assets.xcassets in Resources */,
				8FC141DC289216BA00FA1444 /* enhanced readiness-logos.jpeg in Resources */,
				8FB4FF8B289173FB00335C61 /* Main.storyboard in Resources */,
			);
			runOnlyForDeploymentPostprocessing = 0;
		};
		8FB4FF94289173FC00335C61 /* Resources */ = {
			isa = PBXResourcesBuildPhase;
			buildActionMask = 2147483647;
			files = (
			);
			runOnlyForDeploymentPostprocessing = 0;
		};
		8FB4FF9E289173FC00335C61 /* Resources */ = {
			isa = PBXResourcesBuildPhase;
			buildActionMask = 2147483647;
			files = (
			);
			runOnlyForDeploymentPostprocessing = 0;
		};
/* End PBXResourcesBuildPhase section */

/* Begin PBXSourcesBuildPhase section */
		8FB4FF7C289173FB00335C61 /* Sources */ = {
			isa = PBXSourcesBuildPhase;
			buildActionMask = 2147483647;
			files = (
				8FB4FFB92891743800335C61 /* CalenderViewController.swift in Sources */,
				8FE0D57928918C5500C6D2F5 /* CalendarHelper.swift in Sources */,
				8FB4FFBB28917CE500335C61 /* CalendarCell.swift in Sources */,
				8FB4FFB62891742800335C61 /* HomeViewController.swift in Sources */,
				8FB4FF88289173FB00335C61 /* ViewController.swift in Sources */,
				8FB4FFB42891741E00335C61 /* WelcomeViewController.swift in Sources */,
				8F9935122891DE7500F2BD2F /* WeeklyViewController.swift in Sources */,
				8FB4FF84289173FB00335C61 /* AppDelegate.swift in Sources */,
				8FB4FF86289173FB00335C61 /* SceneDelegate.swift in Sources */,
			);
			runOnlyForDeploymentPostprocessing = 0;
		};
		8FB4FF92289173FC00335C61 /* Sources */ = {
			isa = PBXSourcesBuildPhase;
			buildActionMask = 2147483647;
			files = (
				8FB4FF9B289173FC00335C61 /* enchancess_readiness_6Tests.swift in Sources */,
			);
			runOnlyForDeploymentPostprocessing = 0;
		};
		8FB4FF9C289173FC00335C61 /* Sources */ = {
			isa = PBXSourcesBuildPhase;
			buildActionMask = 2147483647;
			files = (
				8FB4FFA5289173FC00335C61 /* enchancess_readiness_6UITests.swift in Sources */,
				8FB4FFA7289173FC00335C61 /* enchancess_readiness_6UITestsLaunchTests.swift in Sources */,
			);
			runOnlyForDeploymentPostprocessing = 0;
		};
/* End PBXSourcesBuildPhase section */

/* Begin PBXTargetDependency section */
		8FB4FF98289173FC00335C61 /* PBXTargetDependency */ = {
			isa = PBXTargetDependency;
			target = 8FB4FF7F289173FB00335C61 /* enchancess readiness 6 */;
			targetProxy = 8FB4FF97289173FC00335C61 /* PBXContainerItemProxy */;
		};
		8FB4FFA2289173FC00335C61 /* PBXTargetDependency */ = {
			isa = PBXTargetDependency;
			target = 8FB4FF7F289173FB00335C61 /* enchancess readiness 6 */;
			targetProxy = 8FB4FFA1289173FC00335C61 /* PBXContainerItemProxy */;
		};
/* End PBXTargetDependency section */

/* Begin PBXVariantGroup section */
		8FB4FF89289173FB00335C61 /* Main.storyboard */ = {
			isa = PBXVariantGroup;
			children = (
				8FB4FF8A289173FB00335C61 /* Base */,
			);
			name = Main.storyboard;
			sourceTree = "<group>";
		};
		8FB4FF8E289173FC00335C61 /* LaunchScreen.storyboard */ = {
			isa = PBXVariantGroup;
			children = (
				8FB4FF8F289173FC00335C61 /* Base */,
			);
			name = LaunchScreen.storyboard;
			sourceTree = "<group>";
		};
/* End PBXVariantGroup section */

/* Begin XCBuildConfiguration section */
		8FB4FFA8289173FC00335C61 /* Debug */ = {
			isa = XCBuildConfiguration;
			buildSettings = {
				ALWAYS_SEARCH_USER_PATHS = NO;
				CLANG_ANALYZER_NONNULL = YES;
				CLANG_ANALYZER_NUMBER_OBJECT_CONVERSION = YES_AGGRESSIVE;
				CLANG_CXX_LANGUAGE_STANDARD = "gnu++17";
				CLANG_ENABLE_MODULES = YES;
				CLANG_ENABLE_OBJC_ARC = YES;
				CLANG_ENABLE_OBJC_WEAK = YES;
				CLANG_WARN_BLOCK_CAPTURE_AUTORELEASING = YES;
				CLANG_WARN_BOOL_CONVERSION = YES;
				CLANG_WARN_COMMA = YES;
				CLANG_WARN_CONSTANT_CONVERSION = YES;
				CLANG_WARN_DEPRECATED_OBJC_IMPLEMENTATIONS = YES;
				CLANG_WARN_DIRECT_OBJC_ISA_USAGE = YES_ERROR;
				CLANG_WARN_DOCUMENTATION_COMMENTS = YES;
				CLANG_WARN_EMPTY_BODY = YES;
				CLANG_WARN_ENUM_CONVERSION = YES;
				CLANG_WARN_INFINITE_RECURSION = YES;
				CLANG_WARN_INT_CONVERSION = YES;
				CLANG_WARN_NON_LITERAL_NULL_CONVERSION = YES;
				CLANG_WARN_OBJC_IMPLICIT_RETAIN_SELF = YES;
				CLANG_WARN_OBJC_LITERAL_CONVERSION = YES;
				CLANG_WARN_OBJC_ROOT_CLASS = YES_ERROR;
				CLANG_WARN_QUOTED_INCLUDE_IN_FRAMEWORK_HEADER = YES;
				CLANG_WARN_RANGE_LOOP_ANALYSIS = YES;
				CLANG_WARN_STRICT_PROTOTYPES = YES;
				CLANG_WARN_SUSPICIOUS_MOVE = YES;
				CLANG_WARN_UNGUARDED_AVAILABILITY = YES_AGGRESSIVE;
				CLANG_WARN_UNREACHABLE_CODE = YES;
				CLANG_WARN__DUPLICATE_METHOD_MATCH = YES;
				COPY_PHASE_STRIP = NO;
				DEBUG_INFORMATION_FORMAT = dwarf;
				ENABLE_STRICT_OBJC_MSGSEND = YES;
				ENABLE_TESTABILITY = YES;
				GCC_C_LANGUAGE_STANDARD = gnu11;
				GCC_DYNAMIC_NO_PIC = NO;
				GCC_NO_COMMON_BLOCKS = YES;
				GCC_OPTIMIZATION_LEVEL = 0;
				GCC_PREPROCESSOR_DEFINITIONS = (
					"DEBUG=1",
					"$(inherited)",
				);
				GCC_WARN_64_TO_32_BIT_CONVERSION = YES;
				GCC_WARN_ABOUT_RETURN_TYPE = YES_ERROR;
				GCC_WARN_UNDECLARED_SELECTOR = YES;
				GCC_WARN_UNINITIALIZED_AUTOS = YES_AGGRESSIVE;
				GCC_WARN_UNUSED_FUNCTION = YES;
				GCC_WARN_UNUSED_VARIABLE = YES;
				IPHONEOS_DEPLOYMENT_TARGET = 15.5;
				MTL_ENABLE_DEBUG_INFO = INCLUDE_SOURCE;
				MTL_FAST_MATH = YES;
				ONLY_ACTIVE_ARCH = YES;
				SDKROOT = iphoneos;
				SWIFT_ACTIVE_COMPILATION_CONDITIONS = DEBUG;
				SWIFT_OPTIMIZATION_LEVEL = "-Onone";
			};
			name = Debug;
		};
		8FB4FFA9289173FC00335C61 /* Release */ = {
			isa = XCBuildConfiguration;
			buildSettings = {
				ALWAYS_SEARCH_USER_PATHS = NO;
				CLANG_ANALYZER_NONNULL = YES;
				CLANG_ANALYZER_NUMBER_OBJECT_CONVERSION = YES_AGGRESSIVE;
				CLANG_CXX_LANGUAGE_STANDARD = "gnu++17";
				CLANG_ENABLE_MODULES = YES;
				CLANG_ENABLE_OBJC_ARC = YES;
				CLANG_ENABLE_OBJC_WEAK = YES;
				CLANG_WARN_BLOCK_CAPTURE_AUTORELEASING = YES;
				CLANG_WARN_BOOL_CONVERSION = YES;
				CLANG_WARN_COMMA = YES;
				CLANG_WARN_CONSTANT_CONVERSION = YES;
				CLANG_WARN_DEPRECATED_OBJC_IMPLEMENTATIONS = YES;
				CLANG_WARN_DIRECT_OBJC_ISA_USAGE = YES_ERROR;
				CLANG_WARN_DOCUMENTATION_COMMENTS = YES;
				CLANG_WARN_EMPTY_BODY = YES;
				CLANG_WARN_ENUM_CONVERSION = YES;
				CLANG_WARN_INFINITE_RECURSION = YES;
				CLANG_WARN_INT_CONVERSION = YES;
				CLANG_WARN_NON_LITERAL_NULL_CONVERSION = YES;
				CLANG_WARN_OBJC_IMPLICIT_RETAIN_SELF = YES;
				CLANG_WARN_OBJC_LITERAL_CONVERSION = YES;
				CLANG_WARN_OBJC_ROOT_CLASS = YES_ERROR;
				CLANG_WARN_QUOTED_INCLUDE_IN_FRAMEWORK_HEADER = YES;
				CLANG_WARN_RANGE_LOOP_ANALYSIS = YES;
				CLANG_WARN_STRICT_PROTOTYPES = YES;
				CLANG_WARN_SUSPICIOUS_MOVE = YES;
				CLANG_WARN_UNGUARDED_AVAILABILITY = YES_AGGRESSIVE;
				CLANG_WARN_UNREACHABLE_CODE = YES;
				CLANG_WARN__DUPLICATE_METHOD_MATCH = YES;
				COPY_PHASE_STRIP = NO;
				DEBUG_INFORMATION_FORMAT = "dwarf-with-dsym";
				ENABLE_NS_ASSERTIONS = NO;
				ENABLE_STRICT_OBJC_MSGSEND = YES;
				GCC_C_LANGUAGE_STANDARD = gnu11;
				GCC_NO_COMMON_BLOCKS = YES;
				GCC_WARN_64_TO_32_BIT_CONVERSION = YES;
				GCC_WARN_ABOUT_RETURN_TYPE = YES_ERROR;
				GCC_WARN_UNDECLARED_SELECTOR = YES;
				GCC_WARN_UNINITIALIZED_AUTOS = YES_AGGRESSIVE;
				GCC_WARN_UNUSED_FUNCTION = YES;
				GCC_WARN_UNUSED_VARIABLE = YES;
				IPHONEOS_DEPLOYMENT_TARGET = 15.5;
				MTL_ENABLE_DEBUG_INFO = NO;
				MTL_FAST_MATH = YES;
				SDKROOT = iphoneos;
				SWIFT_COMPILATION_MODE = wholemodule;
				SWIFT_OPTIMIZATION_LEVEL = "-O";
				VALIDATE_PRODUCT = YES;
			};
			name = Release;
		};
		8FB4FFAB289173FC00335C61 /* Debug */ = {
			isa = XCBuildConfiguration;
			buildSettings = {
				ASSETCATALOG_COMPILER_APPICON_NAME = AppIcon;
				ASSETCATALOG_COMPILER_GLOBAL_ACCENT_COLOR_NAME = AccentColor;
				CODE_SIGN_IDENTITY = "Apple Development";
				CODE_SIGN_STYLE = Automatic;
				CURRENT_PROJECT_VERSION = 1;
				DEVELOPMENT_TEAM = GCW4VUAYBC;
				GENERATE_INFOPLIST_FILE = YES;
				INFOPLIST_FILE = "enchancess readiness 6/Info.plist";
				INFOPLIST_KEY_UIApplicationSupportsIndirectInputEvents = YES;
				INFOPLIST_KEY_UILaunchStoryboardName = LaunchScreen;
				INFOPLIST_KEY_UIMainStoryboardFile = Main;
				INFOPLIST_KEY_UISupportedInterfaceOrientations_iPad = "UIInterfaceOrientationPortrait UIInterfaceOrientationPortraitUpsideDown UIInterfaceOrientationLandscapeLeft UIInterfaceOrientationLandscapeRight";
				INFOPLIST_KEY_UISupportedInterfaceOrientations_iPhone = "UIInterfaceOrientationPortrait UIInterfaceOrientationLandscapeLeft UIInterfaceOrientationLandscapeRight";
				LD_RUNPATH_SEARCH_PATHS = (
					"$(inherited)",
					"@executable_path/Frameworks",
				);
				MARKETING_VERSION = 1.0;
				PRODUCT_BUNDLE_IDENTIFIER = "work.enchancess-readiness-6";
				PRODUCT_NAME = "$(TARGET_NAME)";
				PROVISIONING_PROFILE_SPECIFIER = "";
				SWIFT_EMIT_LOC_STRINGS = YES;
				SWIFT_VERSION = 5.0;
				TARGETED_DEVICE_FAMILY = "1,2";
			};
			name = Debug;
		};
		8FB4FFAC289173FC00335C61 /* Release */ = {
			isa = XCBuildConfiguration;
			buildSettings = {
				ASSETCATALOG_COMPILER_APPICON_NAME = AppIcon;
				ASSETCATALOG_COMPILER_GLOBAL_ACCENT_COLOR_NAME = AccentColor;
				CODE_SIGN_IDENTITY = "Apple Development";
				CODE_SIGN_STYLE = Automatic;
				CURRENT_PROJECT_VERSION = 1;
				DEVELOPMENT_TEAM = GCW4VUAYBC;
				GENERATE_INFOPLIST_FILE = YES;
				INFOPLIST_FILE = "enchancess readiness 6/Info.plist";
				INFOPLIST_KEY_UIApplicationSupportsIndirectInputEvents = YES;
				INFOPLIST_KEY_UILaunchStoryboardName = LaunchScreen;
				INFOPLIST_KEY_UIMainStoryboardFile = Main;
				INFOPLIST_KEY_UISupportedInterfaceOrientations_iPad = "UIInterfaceOrientationPortrait UIInterfaceOrientationPortraitUpsideDown UIInterfaceOrientationLandscapeLeft UIInterfaceOrientationLandscapeRight";
				INFOPLIST_KEY_UISupportedInterfaceOrientations_iPhone = "UIInterfaceOrientationPortrait UIInterfaceOrientationLandscapeLeft UIInterfaceOrientationLandscapeRight";
				LD_RUNPATH_SEARCH_PATHS = (
					"$(inherited)",
					"@executable_path/Frameworks",
				);
				MARKETING_VERSION = 1.0;
				PRODUCT_BUNDLE_IDENTIFIER = "work.enchancess-readiness-6";
				PRODUCT_NAME = "$(TARGET_NAME)";
				PROVISIONING_PROFILE_SPECIFIER = "";
				SWIFT_EMIT_LOC_STRINGS = YES;
				SWIFT_VERSION = 5.0;
				TARGETED_DEVICE_FAMILY = "1,2";
			};
			name = Release;
		};
		8FB4FFAE289173FC00335C61 /* Debug */ = {
			isa = XCBuildConfiguration;
			buildSettings = {
				ALWAYS_EMBED_SWIFT_STANDARD_LIBRARIES = YES;
				BUNDLE_LOADER = "$(TEST_HOST)";
				CODE_SIGN_STYLE = Automatic;
				CURRENT_PROJECT_VERSION = 1;
				GENERATE_INFOPLIST_FILE = YES;
				IPHONEOS_DEPLOYMENT_TARGET = 15.5;
				MARKETING_VERSION = 1.0;
				PRODUCT_BUNDLE_IDENTIFIER = "work.enchancess-readiness-6Tests";
				PRODUCT_NAME = "$(TARGET_NAME)";
				SWIFT_EMIT_LOC_STRINGS = NO;
				SWIFT_VERSION = 5.0;
				TARGETED_DEVICE_FAMILY = "1,2";
				TEST_HOST = "$(BUILT_PRODUCTS_DIR)/enchancess readiness 6.app/enchancess readiness 6";
			};
			name = Debug;
		};
		8FB4FFAF289173FC00335C61 /* Release */ = {
			isa = XCBuildConfiguration;
			buildSettings = {
				ALWAYS_EMBED_SWIFT_STANDARD_LIBRARIES = YES;
				BUNDLE_LOADER = "$(TEST_HOST)";
				CODE_SIGN_STYLE = Automatic;
				CURRENT_PROJECT_VERSION = 1;
				GENERATE_INFOPLIST_FILE = YES;
				IPHONEOS_DEPLOYMENT_TARGET = 15.5;
				MARKETING_VERSION = 1.0;
				PRODUCT_BUNDLE_IDENTIFIER = "work.enchancess-readiness-6Tests";
				PRODUCT_NAME = "$(TARGET_NAME)";
				SWIFT_EMIT_LOC_STRINGS = NO;
				SWIFT_VERSION = 5.0;
				TARGETED_DEVICE_FAMILY = "1,2";
				TEST_HOST = "$(BUILT_PRODUCTS_DIR)/enchancess readiness 6.app/enchancess readiness 6";
			};
			name = Release;
		};
		8FB4FFB1289173FC00335C61 /* Debug */ = {
			isa = XCBuildConfiguration;
			buildSettings = {
				ALWAYS_EMBED_SWIFT_STANDARD_LIBRARIES = YES;
				CODE_SIGN_STYLE = Automatic;
				CURRENT_PROJECT_VERSION = 1;
				GENERATE_INFOPLIST_FILE = YES;
				MARKETING_VERSION = 1.0;
				PRODUCT_BUNDLE_IDENTIFIER = "work.enchancess-readiness-6UITests";
				PRODUCT_NAME = "$(TARGET_NAME)";
				SWIFT_EMIT_LOC_STRINGS = NO;
				SWIFT_VERSION = 5.0;
				TARGETED_DEVICE_FAMILY = "1,2";
				TEST_TARGET_NAME = "enchancess readiness 6";
			};
			name = Debug;
		};
		8FB4FFB2289173FC00335C61 /* Release */ = {
			isa = XCBuildConfiguration;
			buildSettings = {
				ALWAYS_EMBED_SWIFT_STANDARD_LIBRARIES = YES;
				CODE_SIGN_STYLE = Automatic;
				CURRENT_PROJECT_VERSION = 1;
				GENERATE_INFOPLIST_FILE = YES;
				MARKETING_VERSION = 1.0;
				PRODUCT_BUNDLE_IDENTIFIER = "work.enchancess-readiness-6UITests";
				PRODUCT_NAME = "$(TARGET_NAME)";
				SWIFT_EMIT_LOC_STRINGS = NO;
				SWIFT_VERSION = 5.0;
				TARGETED_DEVICE_FAMILY = "1,2";
				TEST_TARGET_NAME = "enchancess readiness 6";
			};
			name = Release;
		};
/* End XCBuildConfiguration section */

/* Begin XCConfigurationList section */
		8FB4FF7B289173FB00335C61 /* Build configuration list for PBXProject "enchancess readiness 6" */ = {
			isa = XCConfigurationList;
			buildConfigurations = (
				8FB4FFA8289173FC00335C61 /* Debug */,
				8FB4FFA9289173FC00335C61 /* Release */,
			);
			defaultConfigurationIsVisible = 0;
			defaultConfigurationName = Release;
		};
		8FB4FFAA289173FC00335C61 /* Build configuration list for PBXNativeTarget "enchancess readiness 6" */ = {
			isa = XCConfigurationList;
			buildConfigurations = (
				8FB4FFAB289173FC00335C61 /* Debug */,
				8FB4FFAC289173FC00335C61 /* Release */,
			);
			defaultConfigurationIsVisible = 0;
			defaultConfigurationName = Release;
		};
		8FB4FFAD289173FC00335C61 /* Build configuration list for PBXNativeTarget "enchancess readiness 6Tests" */ = {
			isa = XCConfigurationList;
			buildConfigurations = (
				8FB4FFAE289173FC00335C61 /* Debug */,
				8FB4FFAF289173FC00335C61 /* Release */,
			);
			defaultConfigurationIsVisible = 0;
			defaultConfigurationName = Release;
		};
		8FB4FFB0289173FC00335C61 /* Build configuration list for PBXNativeTarget "enchancess readiness 6UITests" */ = {
			isa = XCConfigurationList;
			buildConfigurations = (
				8FB4FFB1289173FC00335C61 /* Debug */,
				8FB4FFB2289173FC00335C61 /* Release */,
			);
			defaultConfigurationIsVisible = 0;
			defaultConfigurationName = Release;
		};
/* End XCConfigurationList section */
	};
	rootObject = 8FB4FF78289173FB00335C61 /* Project object */;
}
